
Microsoft Visual Studio Solution File, Format Version 12.00
# Visual Studio 14
VisualStudioVersion = 14.0.25123.0
MinimumVisualStudioVersion = 10.0.40219.1
Project("{FAE04EC0-301F-11D3-BF4B-00C04F79EFBC}") = "PokemonGoMonsterOpenMap", "PokemonGoMonsterOpenMap\PokemonGoMonsterOpenMap.csproj", "{80122BCC-8C18-446F-B996-B064FF6E7205}"
EndProject
Project("{FAE04EC0-301F-11D3-BF4B-00C04F79EFBC}") = "PokemonGoMonsterOpenMap.Tests", "PokemonGoMonsterOpenMap.Tests\PokemonGoMonsterOpenMap.Tests.csproj", "{E617DA1C-D92E-49E3-AB49-7CDF4A8DC234}"
EndProject
Project("{FAE04EC0-301F-11D3-BF4B-00C04F79EFBC}") = "PokemonGoMonsterOpenMapXamarin.Droid", "PokemonGoMonsterOpenMapXamarin\PokemonGoMonsterOpenMapXamarin.Droid\PokemonGoMonsterOpenMapXamarin.Droid.csproj", "{9755E5A7-795E-4680-8A53-274505EA7936}"
EndProject
Project("{FAE04EC0-301F-11D3-BF4B-00C04F79EFBC}") = "PokemonGoMonsterOpenMapXamarin.iOS", "PokemonGoMonsterOpenMapXamarin\PokemonGoMonsterOpenMapXamarin.iOS\PokemonGoMonsterOpenMapXamarin.iOS.csproj", "{32C95820-FF91-4838-8832-AEF05A2B6A48}"
EndProject
Project("{FAE04EC0-301F-11D3-BF4B-00C04F79EFBC}") = "PokemonGoMonsterOpenMapXamarin.WinPhone", "PokemonGoMonsterOpenMapXamarin\PokemonGoMonsterOpenMapXamarin.WinPhone\PokemonGoMonsterOpenMapXamarin.WinPhone.csproj", "{653E0437-1D11-48B1-89EE-290AD8AE48B0}"
EndProject
Project("{FAE04EC0-301F-11D3-BF4B-00C04F79EFBC}") = "PokemonGoMonsterOpenMapXamarin.UWP", "PokemonGoMonsterOpenMapXamarin\PokemonGoMonsterOpenMapXamarin.UWP\PokemonGoMonsterOpenMapXamarin.UWP.csproj", "{FE18B35D-5A75-4A58-9F56-2948E0E176AF}"
EndProject
Project("{FAE04EC0-301F-11D3-BF4B-00C04F79EFBC}") = "PokemonGoMonsterOpenMapXamarin.Windows", "PokemonGoMonsterOpenMapXamarin\PokemonGoMonsterOpenMapXamarin.Windows\PokemonGoMonsterOpenMapXamarin.Windows.csproj", "{BBAA4AAF-EA34-4CD2-BC6A-5A99CAC68719}"
EndProject
Project("{D954291E-2A0B-460D-934E-DC6B0785DB48}") = "PokemonGoMonsterOpenMapXamarin", "PokemonGoMonsterOpenMapXamarin\PokemonGoMonsterOpenMapXamarin\PokemonGoMonsterOpenMapXamarin.shproj", "{BB905428-B86E-4A54-89FD-7BAF00AFC52F}"
EndProject
Global
	GlobalSection(SharedMSBuildProjectFiles) = preSolution
		PokemonGoMonsterOpenMapXamarin\PokemonGoMonsterOpenMapXamarin\PokemonGoMonsterOpenMapXamarin.projitems*{bb905428-b86e-4a54-89fd-7baf00afc52f}*SharedItemsImports = 13
	EndGlobalSection
	GlobalSection(SolutionConfigurationPlatforms) = preSolution
		Ad-Hoc|Any CPU = Ad-Hoc|Any CPU
		Ad-Hoc|ARM = Ad-Hoc|ARM
		Ad-Hoc|iPhone = Ad-Hoc|iPhone
		Ad-Hoc|iPhoneSimulator = Ad-Hoc|iPhoneSimulator
		Ad-Hoc|x64 = Ad-Hoc|x64
		Ad-Hoc|x86 = Ad-Hoc|x86
		AppStore|Any CPU = AppStore|Any CPU
		AppStore|ARM = AppStore|ARM
		AppStore|iPhone = AppStore|iPhone
		AppStore|iPhoneSimulator = AppStore|iPhoneSimulator
		AppStore|x64 = AppStore|x64
		AppStore|x86 = AppStore|x86
		Debug|Any CPU = Debug|Any CPU
		Debug|ARM = Debug|ARM
		Debug|iPhone = Debug|iPhone
		Debug|iPhoneSimulator = Debug|iPhoneSimulator
		Debug|x64 = Debug|x64
		Debug|x86 = Debug|x86
		Release|Any CPU = Release|Any CPU
		Release|ARM = Release|ARM
		Release|iPhone = Release|iPhone
		Release|iPhoneSimulator = Release|iPhoneSimulator
		Release|x64 = Release|x64
		Release|x86 = Release|x86
	EndGlobalSection
	GlobalSection(ProjectConfigurationPlatforms) = postSolution
		{80122BCC-8C18-446F-B996-B064FF6E7205}.Ad-Hoc|Any CPU.ActiveCfg = Release|Any CPU
		{80122BCC-8C18-446F-B996-B064FF6E7205}.Ad-Hoc|Any CPU.Build.0 = Release|Any CPU
		{80122BCC-8C18-446F-B996-B064FF6E7205}.Ad-Hoc|ARM.ActiveCfg = Release|Any CPU
		{80122BCC-8C18-446F-B996-B064FF6E7205}.Ad-Hoc|ARM.Build.0 = Release|Any CPU
		{80122BCC-8C18-446F-B996-B064FF6E7205}.Ad-Hoc|iPhone.ActiveCfg = Release|Any CPU
		{80122BCC-8C18-446F-B996-B064FF6E7205}.Ad-Hoc|iPhone.Build.0 = Release|Any CPU
		{80122BCC-8C18-446F-B996-B064FF6E7205}.Ad-Hoc|iPhoneSimulator.ActiveCfg = Release|Any CPU
		{80122BCC-8C18-446F-B996-B064FF6E7205}.Ad-Hoc|iPhoneSimulator.Build.0 = Release|Any CPU
		{80122BCC-8C18-446F-B996-B064FF6E7205}.Ad-Hoc|x64.ActiveCfg = Release|Any CPU
		{80122BCC-8C18-446F-B996-B064FF6E7205}.Ad-Hoc|x64.Build.0 = Release|Any CPU
		{80122BCC-8C18-446F-B996-B064FF6E7205}.Ad-Hoc|x86.ActiveCfg = Release|Any CPU
		{80122BCC-8C18-446F-B996-B064FF6E7205}.Ad-Hoc|x86.Build.0 = Release|Any CPU
		{80122BCC-8C18-446F-B996-B064FF6E7205}.AppStore|Any CPU.ActiveCfg = Release|Any CPU
		{80122BCC-8C18-446F-B996-B064FF6E7205}.AppStore|Any CPU.Build.0 = Release|Any CPU
		{80122BCC-8C18-446F-B996-B064FF6E7205}.AppStore|ARM.ActiveCfg = Release|Any CPU
		{80122BCC-8C18-446F-B996-B064FF6E7205}.AppStore|ARM.Build.0 = Release|Any CPU
		{80122BCC-8C18-446F-B996-B064FF6E7205}.AppStore|iPhone.ActiveCfg = Release|Any CPU
		{80122BCC-8C18-446F-B996-B064FF6E7205}.AppStore|iPhone.Build.0 = Release|Any CPU
		{80122BCC-8C18-446F-B996-B064FF6E7205}.AppStore|iPhoneSimulator.ActiveCfg = Release|Any CPU
		{80122BCC-8C18-446F-B996-B064FF6E7205}.AppStore|iPhoneSimulator.Build.0 = Release|Any CPU
		{80122BCC-8C18-446F-B996-B064FF6E7205}.AppStore|x64.ActiveCfg = Release|Any CPU
		{80122BCC-8C18-446F-B996-B064FF6E7205}.AppStore|x64.Build.0 = Release|Any CPU
		{80122BCC-8C18-446F-B996-B064FF6E7205}.AppStore|x86.ActiveCfg = Release|Any CPU
		{80122BCC-8C18-446F-B996-B064FF6E7205}.AppStore|x86.Build.0 = Release|Any CPU
		{80122BCC-8C18-446F-B996-B064FF6E7205}.Debug|Any CPU.ActiveCfg = Debug|Any CPU
		{80122BCC-8C18-446F-B996-B064FF6E7205}.Debug|Any CPU.Build.0 = Debug|Any CPU
		{80122BCC-8C18-446F-B996-B064FF6E7205}.Debug|ARM.ActiveCfg = Debug|Any CPU
		{80122BCC-8C18-446F-B996-B064FF6E7205}.Debug|ARM.Build.0 = Debug|Any CPU
		{80122BCC-8C18-446F-B996-B064FF6E7205}.Debug|iPhone.ActiveCfg = Debug|Any CPU
		{80122BCC-8C18-446F-B996-B064FF6E7205}.Debug|iPhone.Build.0 = Debug|Any CPU
		{80122BCC-8C18-446F-B996-B064FF6E7205}.Debug|iPhoneSimulator.ActiveCfg = Debug|Any CPU
		{80122BCC-8C18-446F-B996-B064FF6E7205}.Debug|iPhoneSimulator.Build.0 = Debug|Any CPU
		{80122BCC-8C18-446F-B996-B064FF6E7205}.Debug|x64.ActiveCfg = Debug|Any CPU
		{80122BCC-8C18-446F-B996-B064FF6E7205}.Debug|x64.Build.0 = Debug|Any CPU
		{80122BCC-8C18-446F-B996-B064FF6E7205}.Debug|x86.ActiveCfg = Debug|Any CPU
		{80122BCC-8C18-446F-B996-B064FF6E7205}.Debug|x86.Build.0 = Debug|Any CPU
		{80122BCC-8C18-446F-B996-B064FF6E7205}.Release|Any CPU.ActiveCfg = Release|Any CPU
		{80122BCC-8C18-446F-B996-B064FF6E7205}.Release|Any CPU.Build.0 = Release|Any CPU
		{80122BCC-8C18-446F-B996-B064FF6E7205}.Release|ARM.ActiveCfg = Release|Any CPU
		{80122BCC-8C18-446F-B996-B064FF6E7205}.Release|ARM.Build.0 = Release|Any CPU
		{80122BCC-8C18-446F-B996-B064FF6E7205}.Release|iPhone.ActiveCfg = Release|Any CPU
		{80122BCC-8C18-446F-B996-B064FF6E7205}.Release|iPhone.Build.0 = Release|Any CPU
		{80122BCC-8C18-446F-B996-B064FF6E7205}.Release|iPhoneSimulator.ActiveCfg = Release|Any CPU
		{80122BCC-8C18-446F-B996-B064FF6E7205}.Release|iPhoneSimulator.Build.0 = Release|Any CPU
		{80122BCC-8C18-446F-B996-B064FF6E7205}.Release|x64.ActiveCfg = Release|Any CPU
		{80122BCC-8C18-446F-B996-B064FF6E7205}.Release|x64.Build.0 = Release|Any CPU
		{80122BCC-8C18-446F-B996-B064FF6E7205}.Release|x86.ActiveCfg = Release|Any CPU
		{80122BCC-8C18-446F-B996-B064FF6E7205}.Release|x86.Build.0 = Release|Any CPU
		{E617DA1C-D92E-49E3-AB49-7CDF4A8DC234}.Ad-Hoc|Any CPU.ActiveCfg = Release|Any CPU
		{E617DA1C-D92E-49E3-AB49-7CDF4A8DC234}.Ad-Hoc|Any CPU.Build.0 = Release|Any CPU
		{E617DA1C-D92E-49E3-AB49-7CDF4A8DC234}.Ad-Hoc|ARM.ActiveCfg = Release|Any CPU
		{E617DA1C-D92E-49E3-AB49-7CDF4A8DC234}.Ad-Hoc|ARM.Build.0 = Release|Any CPU
		{E617DA1C-D92E-49E3-AB49-7CDF4A8DC234}.Ad-Hoc|iPhone.ActiveCfg = Release|Any CPU
		{E617DA1C-D92E-49E3-AB49-7CDF4A8DC234}.Ad-Hoc|iPhone.Build.0 = Release|Any CPU
		{E617DA1C-D92E-49E3-AB49-7CDF4A8DC234}.Ad-Hoc|iPhoneSimulator.ActiveCfg = Release|Any CPU
		{E617DA1C-D92E-49E3-AB49-7CDF4A8DC234}.Ad-Hoc|iPhoneSimulator.Build.0 = Release|Any CPU
		{E617DA1C-D92E-49E3-AB49-7CDF4A8DC234}.Ad-Hoc|x64.ActiveCfg = Release|Any CPU
		{E617DA1C-D92E-49E3-AB49-7CDF4A8DC234}.Ad-Hoc|x64.Build.0 = Release|Any CPU
		{E617DA1C-D92E-49E3-AB49-7CDF4A8DC234}.Ad-Hoc|x86.ActiveCfg = Release|Any CPU
		{E617DA1C-D92E-49E3-AB49-7CDF4A8DC234}.Ad-Hoc|x86.Build.0 = Release|Any CPU
		{E617DA1C-D92E-49E3-AB49-7CDF4A8DC234}.AppStore|Any CPU.ActiveCfg = Release|Any CPU
		{E617DA1C-D92E-49E3-AB49-7CDF4A8DC234}.AppStore|Any CPU.Build.0 = Release|Any CPU
		{E617DA1C-D92E-49E3-AB49-7CDF4A8DC234}.AppStore|ARM.ActiveCfg = Release|Any CPU
		{E617DA1C-D92E-49E3-AB49-7CDF4A8DC234}.AppStore|ARM.Build.0 = Release|Any CPU
		{E617DA1C-D92E-49E3-AB49-7CDF4A8DC234}.AppStore|iPhone.ActiveCfg = Release|Any CPU
		{E617DA1C-D92E-49E3-AB49-7CDF4A8DC234}.AppStore|iPhone.Build.0 = Release|Any CPU
		{E617DA1C-D92E-49E3-AB49-7CDF4A8DC234}.AppStore|iPhoneSimulator.ActiveCfg = Release|Any CPU
		{E617DA1C-D92E-49E3-AB49-7CDF4A8DC234}.AppStore|iPhoneSimulator.Build.0 = Release|Any CPU
		{E617DA1C-D92E-49E3-AB49-7CDF4A8DC234}.AppStore|x64.ActiveCfg = Release|Any CPU
		{E617DA1C-D92E-49E3-AB49-7CDF4A8DC234}.AppStore|x64.Build.0 = Release|Any CPU
		{E617DA1C-D92E-49E3-AB49-7CDF4A8DC234}.AppStore|x86.ActiveCfg = Release|Any CPU
		{E617DA1C-D92E-49E3-AB49-7CDF4A8DC234}.AppStore|x86.Build.0 = Release|Any CPU
		{E617DA1C-D92E-49E3-AB49-7CDF4A8DC234}.Debug|Any CPU.ActiveCfg = Debug|Any CPU
		{E617DA1C-D92E-49E3-AB49-7CDF4A8DC234}.Debug|Any CPU.Build.0 = Debug|Any CPU
		{E617DA1C-D92E-49E3-AB49-7CDF4A8DC234}.Debug|ARM.ActiveCfg = Debug|Any CPU
		{E617DA1C-D92E-49E3-AB49-7CDF4A8DC234}.Debug|ARM.Build.0 = Debug|Any CPU
		{E617DA1C-D92E-49E3-AB49-7CDF4A8DC234}.Debug|iPhone.ActiveCfg = Debug|Any CPU
		{E617DA1C-D92E-49E3-AB49-7CDF4A8DC234}.Debug|iPhone.Build.0 = Debug|Any CPU
		{E617DA1C-D92E-49E3-AB49-7CDF4A8DC234}.Debug|iPhoneSimulator.ActiveCfg = Debug|Any CPU
		{E617DA1C-D92E-49E3-AB49-7CDF4A8DC234}.Debug|iPhoneSimulator.Build.0 = Debug|Any CPU
		{E617DA1C-D92E-49E3-AB49-7CDF4A8DC234}.Debug|x64.ActiveCfg = Debug|Any CPU
		{E617DA1C-D92E-49E3-AB49-7CDF4A8DC234}.Debug|x64.Build.0 = Debug|Any CPU
		{E617DA1C-D92E-49E3-AB49-7CDF4A8DC234}.Debug|x86.ActiveCfg = Debug|Any CPU
		{E617DA1C-D92E-49E3-AB49-7CDF4A8DC234}.Debug|x86.Build.0 = Debug|Any CPU
		{E617DA1C-D92E-49E3-AB49-7CDF4A8DC234}.Release|Any CPU.ActiveCfg = Release|Any CPU
		{E617DA1C-D92E-49E3-AB49-7CDF4A8DC234}.Release|Any CPU.Build.0 = Release|Any CPU
		{E617DA1C-D92E-49E3-AB49-7CDF4A8DC234}.Release|ARM.ActiveCfg = Release|Any CPU
		{E617DA1C-D92E-49E3-AB49-7CDF4A8DC234}.Release|ARM.Build.0 = Release|Any CPU
		{E617DA1C-D92E-49E3-AB49-7CDF4A8DC234}.Release|iPhone.ActiveCfg = Release|Any CPU
		{E617DA1C-D92E-49E3-AB49-7CDF4A8DC234}.Release|iPhone.Build.0 = Release|Any CPU
		{E617DA1C-D92E-49E3-AB49-7CDF4A8DC234}.Release|iPhoneSimulator.ActiveCfg = Release|Any CPU
		{E617DA1C-D92E-49E3-AB49-7CDF4A8DC234}.Release|iPhoneSimulator.Build.0 = Release|Any CPU
		{E617DA1C-D92E-49E3-AB49-7CDF4A8DC234}.Release|x64.ActiveCfg = Release|Any CPU
		{E617DA1C-D92E-49E3-AB49-7CDF4A8DC234}.Release|x64.Build.0 = Release|Any CPU
		{E617DA1C-D92E-49E3-AB49-7CDF4A8DC234}.Release|x86.ActiveCfg = Release|Any CPU
		{E617DA1C-D92E-49E3-AB49-7CDF4A8DC234}.Release|x86.Build.0 = Release|Any CPU
		{9755E5A7-795E-4680-8A53-274505EA7936}.Ad-Hoc|Any CPU.ActiveCfg = Release|Any CPU
		{9755E5A7-795E-4680-8A53-274505EA7936}.Ad-Hoc|Any CPU.Build.0 = Release|Any CPU
		{9755E5A7-795E-4680-8A53-274505EA7936}.Ad-Hoc|Any CPU.Deploy.0 = Release|Any CPU
		{9755E5A7-795E-4680-8A53-274505EA7936}.Ad-Hoc|ARM.ActiveCfg = Release|Any CPU
		{9755E5A7-795E-4680-8A53-274505EA7936}.Ad-Hoc|ARM.Build.0 = Release|Any CPU
		{9755E5A7-795E-4680-8A53-274505EA7936}.Ad-Hoc|ARM.Deploy.0 = Release|Any CPU
		{9755E5A7-795E-4680-8A53-274505EA7936}.Ad-Hoc|iPhone.ActiveCfg = Release|Any CPU
		{9755E5A7-795E-4680-8A53-274505EA7936}.Ad-Hoc|iPhone.Build.0 = Release|Any CPU
		{9755E5A7-795E-4680-8A53-274505EA7936}.Ad-Hoc|iPhone.Deploy.0 = Release|Any CPU
		{9755E5A7-795E-4680-8A53-274505EA7936}.Ad-Hoc|iPhoneSimulator.ActiveCfg = Release|Any CPU
		{9755E5A7-795E-4680-8A53-274505EA7936}.Ad-Hoc|iPhoneSimulator.Build.0 = Release|Any CPU
		{9755E5A7-795E-4680-8A53-274505EA7936}.Ad-Hoc|iPhoneSimulator.Deploy.0 = Release|Any CPU
		{9755E5A7-795E-4680-8A53-274505EA7936}.Ad-Hoc|x64.ActiveCfg = Release|Any CPU
		{9755E5A7-795E-4680-8A53-274505EA7936}.Ad-Hoc|x64.Build.0 = Release|Any CPU
		{9755E5A7-795E-4680-8A53-274505EA7936}.Ad-Hoc|x64.Deploy.0 = Release|Any CPU
		{9755E5A7-795E-4680-8A53-274505EA7936}.Ad-Hoc|x86.ActiveCfg = Release|Any CPU
		{9755E5A7-795E-4680-8A53-274505EA7936}.Ad-Hoc|x86.Build.0 = Release|Any CPU
		{9755E5A7-795E-4680-8A53-274505EA7936}.Ad-Hoc|x86.Deploy.0 = Release|Any CPU
		{9755E5A7-795E-4680-8A53-274505EA7936}.AppStore|Any CPU.ActiveCfg = Release|Any CPU
		{9755E5A7-795E-4680-8A53-274505EA7936}.AppStore|Any CPU.Build.0 = Release|Any CPU
		{9755E5A7-795E-4680-8A53-274505EA7936}.AppStore|Any CPU.Deploy.0 = Release|Any CPU
		{9755E5A7-795E-4680-8A53-274505EA7936}.AppStore|ARM.ActiveCfg = Release|Any CPU
		{9755E5A7-795E-4680-8A53-274505EA7936}.AppStore|ARM.Build.0 = Release|Any CPU
		{9755E5A7-795E-4680-8A53-274505EA7936}.AppStore|ARM.Deploy.0 = Release|Any CPU
		{9755E5A7-795E-4680-8A53-274505EA7936}.AppStore|iPhone.ActiveCfg = Release|Any CPU
		{9755E5A7-795E-4680-8A53-274505EA7936}.AppStore|iPhone.Build.0 = Release|Any CPU
		{9755E5A7-795E-4680-8A53-274505EA7936}.AppStore|iPhone.Deploy.0 = Release|Any CPU
		{9755E5A7-795E-4680-8A53-274505EA7936}.AppStore|iPhoneSimulator.ActiveCfg = Release|Any CPU
		{9755E5A7-795E-4680-8A53-274505EA7936}.AppStore|iPhoneSimulator.Build.0 = Release|Any CPU
		{9755E5A7-795E-4680-8A53-274505EA7936}.AppStore|iPhoneSimulator.Deploy.0 = Release|Any CPU
		{9755E5A7-795E-4680-8A53-274505EA7936}.AppStore|x64.ActiveCfg = Release|Any CPU
		{9755E5A7-795E-4680-8A53-274505EA7936}.AppStore|x64.Build.0 = Release|Any CPU
		{9755E5A7-795E-4680-8A53-274505EA7936}.AppStore|x64.Deploy.0 = Release|Any CPU
		{9755E5A7-795E-4680-8A53-274505EA7936}.AppStore|x86.ActiveCfg = Release|Any CPU
		{9755E5A7-795E-4680-8A53-274505EA7936}.AppStore|x86.Build.0 = Release|Any CPU
		{9755E5A7-795E-4680-8A53-274505EA7936}.AppStore|x86.Deploy.0 = Release|Any CPU
		{9755E5A7-795E-4680-8A53-274505EA7936}.Debug|Any CPU.ActiveCfg = Debug|Any CPU
		{9755E5A7-795E-4680-8A53-274505EA7936}.Debug|Any CPU.Build.0 = Debug|Any CPU
		{9755E5A7-795E-4680-8A53-274505EA7936}.Debug|Any CPU.Deploy.0 = Debug|Any CPU
		{9755E5A7-795E-4680-8A53-274505EA7936}.Debug|ARM.ActiveCfg = Debug|Any CPU
		{9755E5A7-795E-4680-8A53-274505EA7936}.Debug|ARM.Build.0 = Debug|Any CPU
		{9755E5A7-795E-4680-8A53-274505EA7936}.Debug|ARM.Deploy.0 = Debug|Any CPU
		{9755E5A7-795E-4680-8A53-274505EA7936}.Debug|iPhone.ActiveCfg = Debug|Any CPU
		{9755E5A7-795E-4680-8A53-274505EA7936}.Debug|iPhone.Build.0 = Debug|Any CPU
		{9755E5A7-795E-4680-8A53-274505EA7936}.Debug|iPhone.Deploy.0 = Debug|Any CPU
		{9755E5A7-795E-4680-8A53-274505EA7936}.Debug|iPhoneSimulator.ActiveCfg = Debug|Any CPU
		{9755E5A7-795E-4680-8A53-274505EA7936}.Debug|iPhoneSimulator.Build.0 = Debug|Any CPU
		{9755E5A7-795E-4680-8A53-274505EA7936}.Debug|iPhoneSimulator.Deploy.0 = Debug|Any CPU
		{9755E5A7-795E-4680-8A53-274505EA7936}.Debug|x64.ActiveCfg = Debug|Any CPU
		{9755E5A7-795E-4680-8A53-274505EA7936}.Debug|x64.Build.0 = Debug|Any CPU
		{9755E5A7-795E-4680-8A53-274505EA7936}.Debug|x64.Deploy.0 = Debug|Any CPU
		{9755E5A7-795E-4680-8A53-274505EA7936}.Debug|x86.ActiveCfg = Debug|Any CPU
		{9755E5A7-795E-4680-8A53-274505EA7936}.Debug|x86.Build.0 = Debug|Any CPU
		{9755E5A7-795E-4680-8A53-274505EA7936}.Debug|x86.Deploy.0 = Debug|Any CPU
		{9755E5A7-795E-4680-8A53-274505EA7936}.Release|Any CPU.ActiveCfg = Release|Any CPU
		{9755E5A7-795E-4680-8A53-274505EA7936}.Release|Any CPU.Build.0 = Release|Any CPU
		{9755E5A7-795E-4680-8A53-274505EA7936}.Release|Any CPU.Deploy.0 = Release|Any CPU
		{9755E5A7-795E-4680-8A53-274505EA7936}.Release|ARM.ActiveCfg = Release|Any CPU
		{9755E5A7-795E-4680-8A53-274505EA7936}.Release|ARM.Build.0 = Release|Any CPU
		{9755E5A7-795E-4680-8A53-274505EA7936}.Release|ARM.Deploy.0 = Release|Any CPU
		{9755E5A7-795E-4680-8A53-274505EA7936}.Release|iPhone.ActiveCfg = Release|Any CPU
		{9755E5A7-795E-4680-8A53-274505EA7936}.Release|iPhone.Build.0 = Release|Any CPU
		{9755E5A7-795E-4680-8A53-274505EA7936}.Release|iPhone.Deploy.0 = Release|Any CPU
		{9755E5A7-795E-4680-8A53-274505EA7936}.Release|iPhoneSimulator.ActiveCfg = Release|Any CPU
		{9755E5A7-795E-4680-8A53-274505EA7936}.Release|iPhoneSimulator.Build.0 = Release|Any CPU
		{9755E5A7-795E-4680-8A53-274505EA7936}.Release|iPhoneSimulator.Deploy.0 = Release|Any CPU
		{9755E5A7-795E-4680-8A53-274505EA7936}.Release|x64.ActiveCfg = Release|Any CPU
		{9755E5A7-795E-4680-8A53-274505EA7936}.Release|x64.Build.0 = Release|Any CPU
		{9755E5A7-795E-4680-8A53-274505EA7936}.Release|x64.Deploy.0 = Release|Any CPU
		{9755E5A7-795E-4680-8A53-274505EA7936}.Release|x86.ActiveCfg = Release|Any CPU
		{9755E5A7-795E-4680-8A53-274505EA7936}.Release|x86.Build.0 = Release|Any CPU
		{9755E5A7-795E-4680-8A53-274505EA7936}.Release|x86.Deploy.0 = Release|Any CPU
		{32C95820-FF91-4838-8832-AEF05A2B6A48}.Ad-Hoc|Any CPU.ActiveCfg = Ad-Hoc|iPhone
		{32C95820-FF91-4838-8832-AEF05A2B6A48}.Ad-Hoc|ARM.ActiveCfg = Ad-Hoc|iPhone
		{32C95820-FF91-4838-8832-AEF05A2B6A48}.Ad-Hoc|iPhone.ActiveCfg = Ad-Hoc|iPhone
		{32C95820-FF91-4838-8832-AEF05A2B6A48}.Ad-Hoc|iPhone.Build.0 = Ad-Hoc|iPhone
		{32C95820-FF91-4838-8832-AEF05A2B6A48}.Ad-Hoc|iPhoneSimulator.ActiveCfg = Ad-Hoc|iPhoneSimulator
		{32C95820-FF91-4838-8832-AEF05A2B6A48}.Ad-Hoc|iPhoneSimulator.Build.0 = Ad-Hoc|iPhoneSimulator
		{32C95820-FF91-4838-8832-AEF05A2B6A48}.Ad-Hoc|x64.ActiveCfg = Ad-Hoc|iPhone
		{32C95820-FF91-4838-8832-AEF05A2B6A48}.Ad-Hoc|x86.ActiveCfg = Ad-Hoc|iPhone
		{32C95820-FF91-4838-8832-AEF05A2B6A48}.AppStore|Any CPU.ActiveCfg = AppStore|iPhone
		{32C95820-FF91-4838-8832-AEF05A2B6A48}.AppStore|ARM.ActiveCfg = AppStore|iPhone
		{32C95820-FF91-4838-8832-AEF05A2B6A48}.AppStore|iPhone.ActiveCfg = AppStore|iPhone
		{32C95820-FF91-4838-8832-AEF05A2B6A48}.AppStore|iPhone.Build.0 = AppStore|iPhone
		{32C95820-FF91-4838-8832-AEF05A2B6A48}.AppStore|iPhoneSimulator.ActiveCfg = AppStore|iPhoneSimulator
		{32C95820-FF91-4838-8832-AEF05A2B6A48}.AppStore|iPhoneSimulator.Build.0 = AppStore|iPhoneSimulator
		{32C95820-FF91-4838-8832-AEF05A2B6A48}.AppStore|x64.ActiveCfg = AppStore|iPhone
		{32C95820-FF91-4838-8832-AEF05A2B6A48}.AppStore|x86.ActiveCfg = AppStore|iPhone
		{32C95820-FF91-4838-8832-AEF05A2B6A48}.Debug|Any CPU.ActiveCfg = Debug|iPhone
		{32C95820-FF91-4838-8832-AEF05A2B6A48}.Debug|ARM.ActiveCfg = Debug|iPhone
		{32C95820-FF91-4838-8832-AEF05A2B6A48}.Debug|iPhone.ActiveCfg = Debug|iPhone
		{32C95820-FF91-4838-8832-AEF05A2B6A48}.Debug|iPhone.Build.0 = Debug|iPhone
		{32C95820-FF91-4838-8832-AEF05A2B6A48}.Debug|iPhoneSimulator.ActiveCfg = Debug|iPhoneSimulator
		{32C95820-FF91-4838-8832-AEF05A2B6A48}.Debug|iPhoneSimulator.Build.0 = Debug|iPhoneSimulator
		{32C95820-FF91-4838-8832-AEF05A2B6A48}.Debug|x64.ActiveCfg = Debug|iPhone
		{32C95820-FF91-4838-8832-AEF05A2B6A48}.Debug|x86.ActiveCfg = Debug|iPhone
		{32C95820-FF91-4838-8832-AEF05A2B6A48}.Release|Any CPU.ActiveCfg = Release|iPhone
		{32C95820-FF91-4838-8832-AEF05A2B6A48}.Release|ARM.ActiveCfg = Release|iPhone
		{32C95820-FF91-4838-8832-AEF05A2B6A48}.Release|iPhone.ActiveCfg = Release|iPhone
		{32C95820-FF91-4838-8832-AEF05A2B6A48}.Release|iPhone.Build.0 = Release|iPhone
		{32C95820-FF91-4838-8832-AEF05A2B6A48}.Release|iPhoneSimulator.ActiveCfg = Release|iPhoneSimulator
		{32C95820-FF91-4838-8832-AEF05A2B6A48}.Release|iPhoneSimulator.Build.0 = Release|iPhoneSimulator
		{32C95820-FF91-4838-8832-AEF05A2B6A48}.Release|x64.ActiveCfg = Release|iPhone
		{32C95820-FF91-4838-8832-AEF05A2B6A48}.Release|x86.ActiveCfg = Release|iPhone
		{653E0437-1D11-48B1-89EE-290AD8AE48B0}.Ad-Hoc|Any CPU.ActiveCfg = Release|Any CPU
		{653E0437-1D11-48B1-89EE-290AD8AE48B0}.Ad-Hoc|Any CPU.Build.0 = Release|Any CPU
		{653E0437-1D11-48B1-89EE-290AD8AE48B0}.Ad-Hoc|Any CPU.Deploy.0 = Release|Any CPU
		{653E0437-1D11-48B1-89EE-290AD8AE48B0}.Ad-Hoc|ARM.ActiveCfg = Release|ARM
		{653E0437-1D11-48B1-89EE-290AD8AE48B0}.Ad-Hoc|ARM.Build.0 = Release|ARM
		{653E0437-1D11-48B1-89EE-290AD8AE48B0}.Ad-Hoc|ARM.Deploy.0 = Release|ARM
		{653E0437-1D11-48B1-89EE-290AD8AE48B0}.Ad-Hoc|iPhone.ActiveCfg = Release|Any CPU
		{653E0437-1D11-48B1-89EE-290AD8AE48B0}.Ad-Hoc|iPhone.Build.0 = Release|Any CPU
		{653E0437-1D11-48B1-89EE-290AD8AE48B0}.Ad-Hoc|iPhone.Deploy.0 = Release|Any CPU
		{653E0437-1D11-48B1-89EE-290AD8AE48B0}.Ad-Hoc|iPhoneSimulator.ActiveCfg = Release|Any CPU
		{653E0437-1D11-48B1-89EE-290AD8AE48B0}.Ad-Hoc|iPhoneSimulator.Build.0 = Release|Any CPU
		{653E0437-1D11-48B1-89EE-290AD8AE48B0}.Ad-Hoc|iPhoneSimulator.Deploy.0 = Release|Any CPU
		{653E0437-1D11-48B1-89EE-290AD8AE48B0}.Ad-Hoc|x64.ActiveCfg = Release|Any CPU
		{653E0437-1D11-48B1-89EE-290AD8AE48B0}.Ad-Hoc|x64.Build.0 = Release|Any CPU
		{653E0437-1D11-48B1-89EE-290AD8AE48B0}.Ad-Hoc|x64.Deploy.0 = Release|Any CPU
		{653E0437-1D11-48B1-89EE-290AD8AE48B0}.Ad-Hoc|x86.ActiveCfg = Release|x86
		{653E0437-1D11-48B1-89EE-290AD8AE48B0}.Ad-Hoc|x86.Build.0 = Release|x86
		{653E0437-1D11-48B1-89EE-290AD8AE48B0}.Ad-Hoc|x86.Deploy.0 = Release|x86
		{653E0437-1D11-48B1-89EE-290AD8AE48B0}.AppStore|Any CPU.ActiveCfg = Release|Any CPU
		{653E0437-1D11-48B1-89EE-290AD8AE48B0}.AppStore|Any CPU.Build.0 = Release|Any CPU
		{653E0437-1D11-48B1-89EE-290AD8AE48B0}.AppStore|Any CPU.Deploy.0 = Release|Any CPU
		{653E0437-1D11-48B1-89EE-290AD8AE48B0}.AppStore|ARM.ActiveCfg = Release|ARM
		{653E0437-1D11-48B1-89EE-290AD8AE48B0}.AppStore|ARM.Build.0 = Release|ARM
		{653E0437-1D11-48B1-89EE-290AD8AE48B0}.AppStore|ARM.Deploy.0 = Release|ARM
		{653E0437-1D11-48B1-89EE-290AD8AE48B0}.AppStore|iPhone.ActiveCfg = Release|Any CPU
		{653E0437-1D11-48B1-89EE-290AD8AE48B0}.AppStore|iPhone.Build.0 = Release|Any CPU
		{653E0437-1D11-48B1-89EE-290AD8AE48B0}.AppStore|iPhone.Deploy.0 = Release|Any CPU
		{653E0437-1D11-48B1-89EE-290AD8AE48B0}.AppStore|iPhoneSimulator.ActiveCfg = Release|Any CPU
		{653E0437-1D11-48B1-89EE-290AD8AE48B0}.AppStore|iPhoneSimulator.Build.0 = Release|Any CPU
		{653E0437-1D11-48B1-89EE-290AD8AE48B0}.AppStore|iPhoneSimulator.Deploy.0 = Release|Any CPU
		{653E0437-1D11-48B1-89EE-290AD8AE48B0}.AppStore|x64.ActiveCfg = Release|Any CPU
		{653E0437-1D11-48B1-89EE-290AD8AE48B0}.AppStore|x64.Build.0 = Release|Any CPU
		{653E0437-1D11-48B1-89EE-290AD8AE48B0}.AppStore|x64.Deploy.0 = Release|Any CPU
		{653E0437-1D11-48B1-89EE-290AD8AE48B0}.AppStore|x86.ActiveCfg = Release|x86
		{653E0437-1D11-48B1-89EE-290AD8AE48B0}.AppStore|x86.Build.0 = Release|x86
		{653E0437-1D11-48B1-89EE-290AD8AE48B0}.AppStore|x86.Deploy.0 = Release|x86
		{653E0437-1D11-48B1-89EE-290AD8AE48B0}.Debug|Any CPU.ActiveCfg = Debug|Any CPU
		{653E0437-1D11-48B1-89EE-290AD8AE48B0}.Debug|Any CPU.Build.0 = Debug|Any CPU
		{653E0437-1D11-48B1-89EE-290AD8AE48B0}.Debug|Any CPU.Deploy.0 = Debug|Any CPU
		{653E0437-1D11-48B1-89EE-290AD8AE48B0}.Debug|ARM.ActiveCfg = Debug|ARM
		{653E0437-1D11-48B1-89EE-290AD8AE48B0}.Debug|ARM.Build.0 = Debug|ARM
		{653E0437-1D11-48B1-89EE-290AD8AE48B0}.Debug|ARM.Deploy.0 = Debug|ARM
		{653E0437-1D11-48B1-89EE-290AD8AE48B0}.Debug|iPhone.ActiveCfg = Debug|Any CPU
		{653E0437-1D11-48B1-89EE-290AD8AE48B0}.Debug|iPhone.Build.0 = Debug|Any CPU
		{653E0437-1D11-48B1-89EE-290AD8AE48B0}.Debug|iPhone.Deploy.0 = Debug|Any CPU
		{653E0437-1D11-48B1-89EE-290AD8AE48B0}.Debug|iPhoneSimulator.ActiveCfg = Debug|Any CPU
		{653E0437-1D11-48B1-89EE-290AD8AE48B0}.Debug|iPhoneSimulator.Build.0 = Debug|Any CPU
		{653E0437-1D11-48B1-89EE-290AD8AE48B0}.Debug|iPhoneSimulator.Deploy.0 = Debug|Any CPU
		{653E0437-1D11-48B1-89EE-290AD8AE48B0}.Debug|x64.ActiveCfg = Debug|Any CPU
		{653E0437-1D11-48B1-89EE-290AD8AE48B0}.Debug|x64.Build.0 = Debug|Any CPU
		{653E0437-1D11-48B1-89EE-290AD8AE48B0}.Debug|x64.Deploy.0 = Debug|Any CPU
		{653E0437-1D11-48B1-89EE-290AD8AE48B0}.Debug|x86.ActiveCfg = Debug|x86
		{653E0437-1D11-48B1-89EE-290AD8AE48B0}.Debug|x86.Build.0 = Debug|x86
		{653E0437-1D11-48B1-89EE-290AD8AE48B0}.Debug|x86.Deploy.0 = Debug|x86
		{653E0437-1D11-48B1-89EE-290AD8AE48B0}.Release|Any CPU.ActiveCfg = Release|Any CPU
		{653E0437-1D11-48B1-89EE-290AD8AE48B0}.Release|Any CPU.Build.0 = Release|Any CPU
		{653E0437-1D11-48B1-89EE-290AD8AE48B0}.Release|Any CPU.Deploy.0 = Release|Any CPU
		{653E0437-1D11-48B1-89EE-290AD8AE48B0}.Release|ARM.ActiveCfg = Release|ARM
		{653E0437-1D11-48B1-89EE-290AD8AE48B0}.Release|ARM.Build.0 = Release|ARM
		{653E0437-1D11-48B1-89EE-290AD8AE48B0}.Release|ARM.Deploy.0 = Release|ARM
		{653E0437-1D11-48B1-89EE-290AD8AE48B0}.Release|iPhone.ActiveCfg = Release|Any CPU
		{653E0437-1D11-48B1-89EE-290AD8AE48B0}.Release|iPhone.Build.0 = Release|Any CPU
		{653E0437-1D11-48B1-89EE-290AD8AE48B0}.Release|iPhone.Deploy.0 = Release|Any CPU
		{653E0437-1D11-48B1-89EE-290AD8AE48B0}.Release|iPhoneSimulator.ActiveCfg = Release|Any CPU
		{653E0437-1D11-48B1-89EE-290AD8AE48B0}.Release|iPhoneSimulator.Build.0 = Release|Any CPU
		{653E0437-1D11-48B1-89EE-290AD8AE48B0}.Release|iPhoneSimulator.Deploy.0 = Release|Any CPU
		{653E0437-1D11-48B1-89EE-290AD8AE48B0}.Release|x64.ActiveCfg = Release|Any CPU
		{653E0437-1D11-48B1-89EE-290AD8AE48B0}.Release|x64.Build.0 = Release|Any CPU
		{653E0437-1D11-48B1-89EE-290AD8AE48B0}.Release|x64.Deploy.0 = Release|Any CPU
		{653E0437-1D11-48B1-89EE-290AD8AE48B0}.Release|x86.ActiveCfg = Release|x86
		{653E0437-1D11-48B1-89EE-290AD8AE48B0}.Release|x86.Build.0 = Release|x86
		{653E0437-1D11-48B1-89EE-290AD8AE48B0}.Release|x86.Deploy.0 = Release|x86
		{FE18B35D-5A75-4A58-9F56-2948E0E176AF}.Ad-Hoc|Any CPU.ActiveCfg = Release|x86
		{FE18B35D-5A75-4A58-9F56-2948E0E176AF}.Ad-Hoc|Any CPU.Build.0 = Release|x86
		{FE18B35D-5A75-4A58-9F56-2948E0E176AF}.Ad-Hoc|Any CPU.Deploy.0 = Release|x86
		{FE18B35D-5A75-4A58-9F56-2948E0E176AF}.Ad-Hoc|ARM.ActiveCfg = Release|ARM
		{FE18B35D-5A75-4A58-9F56-2948E0E176AF}.Ad-Hoc|ARM.Build.0 = Release|ARM
		{FE18B35D-5A75-4A58-9F56-2948E0E176AF}.Ad-Hoc|ARM.Deploy.0 = Release|ARM
		{FE18B35D-5A75-4A58-9F56-2948E0E176AF}.Ad-Hoc|iPhone.ActiveCfg = Release|x86
		{FE18B35D-5A75-4A58-9F56-2948E0E176AF}.Ad-Hoc|iPhone.Build.0 = Release|x86
		{FE18B35D-5A75-4A58-9F56-2948E0E176AF}.Ad-Hoc|iPhone.Deploy.0 = Release|x86
		{FE18B35D-5A75-4A58-9F56-2948E0E176AF}.Ad-Hoc|iPhoneSimulator.ActiveCfg = Release|x86
		{FE18B35D-5A75-4A58-9F56-2948E0E176AF}.Ad-Hoc|iPhoneSimulator.Build.0 = Release|x86
		{FE18B35D-5A75-4A58-9F56-2948E0E176AF}.Ad-Hoc|iPhoneSimulator.Deploy.0 = Release|x86
		{FE18B35D-5A75-4A58-9F56-2948E0E176AF}.Ad-Hoc|x64.ActiveCfg = Release|x64
		{FE18B35D-5A75-4A58-9F56-2948E0E176AF}.Ad-Hoc|x64.Build.0 = Release|x64
		{FE18B35D-5A75-4A58-9F56-2948E0E176AF}.Ad-Hoc|x64.Deploy.0 = Release|x64
		{FE18B35D-5A75-4A58-9F56-2948E0E176AF}.Ad-Hoc|x86.ActiveCfg = Release|x86
		{FE18B35D-5A75-4A58-9F56-2948E0E176AF}.Ad-Hoc|x86.Build.0 = Release|x86
		{FE18B35D-5A75-4A58-9F56-2948E0E176AF}.Ad-Hoc|x86.Deploy.0 = Release|x86
		{FE18B35D-5A75-4A58-9F56-2948E0E176AF}.AppStore|Any CPU.ActiveCfg = Release|x86
		{FE18B35D-5A75-4A58-9F56-2948E0E176AF}.AppStore|Any CPU.Build.0 = Release|x86
		{FE18B35D-5A75-4A58-9F56-2948E0E176AF}.AppStore|Any CPU.Deploy.0 = Release|x86
		{FE18B35D-5A75-4A58-9F56-2948E0E176AF}.AppStore|ARM.ActiveCfg = Release|ARM
		{FE18B35D-5A75-4A58-9F56-2948E0E176AF}.AppStore|ARM.Build.0 = Release|ARM
		{FE18B35D-5A75-4A58-9F56-2948E0E176AF}.AppStore|ARM.Deploy.0 = Release|ARM
		{FE18B35D-5A75-4A58-9F56-2948E0E176AF}.AppStore|iPhone.ActiveCfg = Release|x86
		{FE18B35D-5A75-4A58-9F56-2948E0E176AF}.AppStore|iPhone.Build.0 = Release|x86
		{FE18B35D-5A75-4A58-9F56-2948E0E176AF}.AppStore|iPhone.Deploy.0 = Release|x86
		{FE18B35D-5A75-4A58-9F56-2948E0E176AF}.AppStore|iPhoneSimulator.ActiveCfg = Release|x86
		{FE18B35D-5A75-4A58-9F56-2948E0E176AF}.AppStore|iPhoneSimulator.Build.0 = Release|x86
		{FE18B35D-5A75-4A58-9F56-2948E0E176AF}.AppStore|iPhoneSimulator.Deploy.0 = Release|x86
		{FE18B35D-5A75-4A58-9F56-2948E0E176AF}.AppStore|x64.ActiveCfg = Release|x64
		{FE18B35D-5A75-4A58-9F56-2948E0E176AF}.AppStore|x64.Build.0 = Release|x64
		{FE18B35D-5A75-4A58-9F56-2948E0E176AF}.AppStore|x64.Deploy.0 = Release|x64
		{FE18B35D-5A75-4A58-9F56-2948E0E176AF}.AppStore|x86.ActiveCfg = Release|x86
		{FE18B35D-5A75-4A58-9F56-2948E0E176AF}.AppStore|x86.Build.0 = Release|x86
		{FE18B35D-5A75-4A58-9F56-2948E0E176AF}.AppStore|x86.Deploy.0 = Release|x86
		{FE18B35D-5A75-4A58-9F56-2948E0E176AF}.Debug|Any CPU.ActiveCfg = Debug|x86
		{FE18B35D-5A75-4A58-9F56-2948E0E176AF}.Debug|ARM.ActiveCfg = Debug|ARM
		{FE18B35D-5A75-4A58-9F56-2948E0E176AF}.Debug|ARM.Build.0 = Debug|ARM
		{FE18B35D-5A75-4A58-9F56-2948E0E176AF}.Debug|ARM.Deploy.0 = Debug|ARM
		{FE18B35D-5A75-4A58-9F56-2948E0E176AF}.Debug|iPhone.ActiveCfg = Debug|x86
		{FE18B35D-5A75-4A58-9F56-2948E0E176AF}.Debug|iPhoneSimulator.ActiveCfg = Debug|x86
		{FE18B35D-5A75-4A58-9F56-2948E0E176AF}.Debug|x64.ActiveCfg = Debug|x64
		{FE18B35D-5A75-4A58-9F56-2948E0E176AF}.Debug|x64.Build.0 = Debug|x64
		{FE18B35D-5A75-4A58-9F56-2948E0E176AF}.Debug|x64.Deploy.0 = Debug|x64
		{FE18B35D-5A75-4A58-9F56-2948E0E176AF}.Debug|x86.ActiveCfg = Debug|x86
		{FE18B35D-5A75-4A58-9F56-2948E0E176AF}.Debug|x86.Build.0 = Debug|x86
		{FE18B35D-5A75-4A58-9F56-2948E0E176AF}.Debug|x86.Deploy.0 = Debug|x86
		{FE18B35D-5A75-4A58-9F56-2948E0E176AF}.Release|Any CPU.ActiveCfg = Release|x86
		{FE18B35D-5A75-4A58-9F56-2948E0E176AF}.Release|ARM.ActiveCfg = Release|ARM
		{FE18B35D-5A75-4A58-9F56-2948E0E176AF}.Release|ARM.Build.0 = Release|ARM
		{FE18B35D-5A75-4A58-9F56-2948E0E176AF}.Release|ARM.Deploy.0 = Release|ARM
		{FE18B35D-5A75-4A58-9F56-2948E0E176AF}.Release|iPhone.ActiveCfg = Release|x86
		{FE18B35D-5A75-4A58-9F56-2948E0E176AF}.Release|iPhoneSimulator.ActiveCfg = Release|x86
		{FE18B35D-5A75-4A58-9F56-2948E0E176AF}.Release|x64.ActiveCfg = Release|x64
		{FE18B35D-5A75-4A58-9F56-2948E0E176AF}.Release|x64.Build.0 = Release|x64
		{FE18B35D-5A75-4A58-9F56-2948E0E176AF}.Release|x64.Deploy.0 = Release|x64
		{FE18B35D-5A75-4A58-9F56-2948E0E176AF}.Release|x86.ActiveCfg = Release|x86
		{FE18B35D-5A75-4A58-9F56-2948E0E176AF}.Release|x86.Build.0 = Release|x86
		{FE18B35D-5A75-4A58-9F56-2948E0E176AF}.Release|x86.Deploy.0 = Release|x86
		{BBAA4AAF-EA34-4CD2-BC6A-5A99CAC68719}.Ad-Hoc|Any CPU.ActiveCfg = Release|Any CPU
		{BBAA4AAF-EA34-4CD2-BC6A-5A99CAC68719}.Ad-Hoc|Any CPU.Build.0 = Release|Any CPU
		{BBAA4AAF-EA34-4CD2-BC6A-5A99CAC68719}.Ad-Hoc|Any CPU.Deploy.0 = Release|Any CPU
		{BBAA4AAF-EA34-4CD2-BC6A-5A99CAC68719}.Ad-Hoc|ARM.ActiveCfg = Release|ARM
		{BBAA4AAF-EA34-4CD2-BC6A-5A99CAC68719}.Ad-Hoc|ARM.Build.0 = Release|ARM
		{BBAA4AAF-EA34-4CD2-BC6A-5A99CAC68719}.Ad-Hoc|ARM.Deploy.0 = Release|ARM
		{BBAA4AAF-EA34-4CD2-BC6A-5A99CAC68719}.Ad-Hoc|iPhone.ActiveCfg = Release|Any CPU
		{BBAA4AAF-EA34-4CD2-BC6A-5A99CAC68719}.Ad-Hoc|iPhone.Build.0 = Release|Any CPU
		{BBAA4AAF-EA34-4CD2-BC6A-5A99CAC68719}.Ad-Hoc|iPhone.Deploy.0 = Release|Any CPU
		{BBAA4AAF-EA34-4CD2-BC6A-5A99CAC68719}.Ad-Hoc|iPhoneSimulator.ActiveCfg = Release|Any CPU
		{BBAA4AAF-EA34-4CD2-BC6A-5A99CAC68719}.Ad-Hoc|iPhoneSimulator.Build.0 = Release|Any CPU
		{BBAA4AAF-EA34-4CD2-BC6A-5A99CAC68719}.Ad-Hoc|iPhoneSimulator.Deploy.0 = Release|Any CPU
		{BBAA4AAF-EA34-4CD2-BC6A-5A99CAC68719}.Ad-Hoc|x64.ActiveCfg = Release|x64
		{BBAA4AAF-EA34-4CD2-BC6A-5A99CAC68719}.Ad-Hoc|x64.Build.0 = Release|x64
		{BBAA4AAF-EA34-4CD2-BC6A-5A99CAC68719}.Ad-Hoc|x64.Deploy.0 = Release|x64
		{BBAA4AAF-EA34-4CD2-BC6A-5A99CAC68719}.Ad-Hoc|x86.ActiveCfg = Release|x86
		{BBAA4AAF-EA34-4CD2-BC6A-5A99CAC68719}.Ad-Hoc|x86.Build.0 = Release|x86
		{BBAA4AAF-EA34-4CD2-BC6A-5A99CAC68719}.Ad-Hoc|x86.Deploy.0 = Release|x86
		{BBAA4AAF-EA34-4CD2-BC6A-5A99CAC68719}.AppStore|Any CPU.ActiveCfg = Release|Any CPU
		{BBAA4AAF-EA34-4CD2-BC6A-5A99CAC68719}.AppStore|Any CPU.Build.0 = Release|Any CPU
		{BBAA4AAF-EA34-4CD2-BC6A-5A99CAC68719}.AppStore|Any CPU.Deploy.0 = Release|Any CPU
		{BBAA4AAF-EA34-4CD2-BC6A-5A99CAC68719}.AppStore|ARM.ActiveCfg = Release|ARM
		{BBAA4AAF-EA34-4CD2-BC6A-5A99CAC68719}.AppStore|ARM.Build.0 = Release|ARM
		{BBAA4AAF-EA34-4CD2-BC6A-5A99CAC68719}.AppStore|ARM.Deploy.0 = Release|ARM
		{BBAA4AAF-EA34-4CD2-BC6A-5A99CAC68719}.AppStore|iPhone.ActiveCfg = Release|Any CPU
		{BBAA4AAF-EA34-4CD2-BC6A-5A99CAC68719}.AppStore|iPhone.Build.0 = Release|Any CPU
		{BBAA4AAF-EA34-4CD2-BC6A-5A99CAC68719}.AppStore|iPhone.Deploy.0 = Release|Any CPU
		{BBAA4AAF-EA34-4CD2-BC6A-5A99CAC68719}.AppStore|iPhoneSimulator.ActiveCfg = Release|Any CPU
		{BBAA4AAF-EA34-4CD2-BC6A-5A99CAC68719}.AppStore|iPhoneSimulator.Build.0 = Release|Any CPU
		{BBAA4AAF-EA34-4CD2-BC6A-5A99CAC68719}.AppStore|iPhoneSimulator.Deploy.0 = Release|Any CPU
		{BBAA4AAF-EA34-4CD2-BC6A-5A99CAC68719}.AppStore|x64.ActiveCfg = Release|x64
		{BBAA4AAF-EA34-4CD2-BC6A-5A99CAC68719}.AppStore|x64.Build.0 = Release|x64
		{BBAA4AAF-EA34-4CD2-BC6A-5A99CAC68719}.AppStore|x64.Deploy.0 = Release|x64
		{BBAA4AAF-EA34-4CD2-BC6A-5A99CAC68719}.AppStore|x86.ActiveCfg = Release|x86
		{BBAA4AAF-EA34-4CD2-BC6A-5A99CAC68719}.AppStore|x86.Build.0 = Release|x86
		{BBAA4AAF-EA34-4CD2-BC6A-5A99CAC68719}.AppStore|x86.Deploy.0 = Release|x86
		{BBAA4AAF-EA34-4CD2-BC6A-5A99CAC68719}.Debug|Any CPU.ActiveCfg = Debug|Any CPU
		{BBAA4AAF-EA34-4CD2-BC6A-5A99CAC68719}.Debug|Any CPU.Build.0 = Debug|Any CPU
		{BBAA4AAF-EA34-4CD2-BC6A-5A99CAC68719}.Debug|Any CPU.Deploy.0 = Debug|Any CPU
		{BBAA4AAF-EA34-4CD2-BC6A-5A99CAC68719}.Debug|ARM.ActiveCfg = Debug|ARM
		{BBAA4AAF-EA34-4CD2-BC6A-5A99CAC68719}.Debug|ARM.Build.0 = Debug|ARM
		{BBAA4AAF-EA34-4CD2-BC6A-5A99CAC68719}.Debug|ARM.Deploy.0 = Debug|ARM
		{BBAA4AAF-EA34-4CD2-BC6A-5A99CAC68719}.Debug|iPhone.ActiveCfg = Debug|Any CPU
		{BBAA4AAF-EA34-4CD2-BC6A-5A99CAC68719}.Debug|iPhone.Build.0 = Debug|Any CPU
		{BBAA4AAF-EA34-4CD2-BC6A-5A99CAC68719}.Debug|iPhone.Deploy.0 = Debug|Any CPU
		{BBAA4AAF-EA34-4CD2-BC6A-5A99CAC68719}.Debug|iPhoneSimulator.ActiveCfg = Debug|Any CPU
		{BBAA4AAF-EA34-4CD2-BC6A-5A99CAC68719}.Debug|iPhoneSimulator.Build.0 = Debug|Any CPU
		{BBAA4AAF-EA34-4CD2-BC6A-5A99CAC68719}.Debug|iPhoneSimulator.Deploy.0 = Debug|Any CPU
		{BBAA4AAF-EA34-4CD2-BC6A-5A99CAC68719}.Debug|x64.ActiveCfg = Debug|x64
		{BBAA4AAF-EA34-4CD2-BC6A-5A99CAC68719}.Debug|x64.Build.0 = Debug|x64
		{BBAA4AAF-EA34-4CD2-BC6A-5A99CAC68719}.Debug|x64.Deploy.0 = Debug|x64
		{BBAA4AAF-EA34-4CD2-BC6A-5A99CAC68719}.Debug|x86.ActiveCfg = Debug|x86
		{BBAA4AAF-EA34-4CD2-BC6A-5A99CAC68719}.Debug|x86.Build.0 = Debug|x86
		{BBAA4AAF-EA34-4CD2-BC6A-5A99CAC68719}.Debug|x86.Deploy.0 = Debug|x86
		{BBAA4AAF-EA34-4CD2-BC6A-5A99CAC68719}.Release|Any CPU.ActiveCfg = Release|Any CPU
		{BBAA4AAF-EA34-4CD2-BC6A-5A99CAC68719}.Release|Any CPU.Build.0 = Release|Any CPU
		{BBAA4AAF-EA34-4CD2-BC6A-5A99CAC68719}.Release|Any CPU.Deploy.0 = Release|Any CPU
		{BBAA4AAF-EA34-4CD2-BC6A-5A99CAC68719}.Release|ARM.ActiveCfg = Release|ARM
		{BBAA4AAF-EA34-4CD2-BC6A-5A99CAC68719}.Release|ARM.Build.0 = Release|ARM
		{BBAA4AAF-EA34-4CD2-BC6A-5A99CAC68719}.Release|ARM.Deploy.0 = Release|ARM
		{BBAA4AAF-EA34-4CD2-BC6A-5A99CAC68719}.Release|iPhone.ActiveCfg = Release|Any CPU
		{BBAA4AAF-EA34-4CD2-BC6A-5A99CAC68719}.Release|iPhone.Build.0 = Release|Any CPU
		{BBAA4AAF-EA34-4CD2-BC6A-5A99CAC68719}.Release|iPhone.Deploy.0 = Release|Any CPU
		{BBAA4AAF-EA34-4CD2-BC6A-5A99CAC68719}.Release|iPhoneSimulator.ActiveCfg = Release|Any CPU
		{BBAA4AAF-EA34-4CD2-BC6A-5A99CAC68719}.Release|iPhoneSimulator.Build.0 = Release|Any CPU
		{BBAA4AAF-EA34-4CD2-BC6A-5A99CAC68719}.Release|iPhoneSimulator.Deploy.0 = Release|Any CPU
		{BBAA4AAF-EA34-4CD2-BC6A-5A99CAC68719}.Release|x64.ActiveCfg = Release|x64
		{BBAA4AAF-EA34-4CD2-BC6A-5A99CAC68719}.Release|x64.Build.0 = Release|x64
		{BBAA4AAF-EA34-4CD2-BC6A-5A99CAC68719}.Release|x64.Deploy.0 = Release|x64
		{BBAA4AAF-EA34-4CD2-BC6A-5A99CAC68719}.Release|x86.ActiveCfg = Release|x86
		{BBAA4AAF-EA34-4CD2-BC6A-5A99CAC68719}.Release|x86.Build.0 = Release|x86
		{BBAA4AAF-EA34-4CD2-BC6A-5A99CAC68719}.Release|x86.Deploy.0 = Release|x86
	EndGlobalSection
	GlobalSection(SolutionProperties) = preSolution
		HideSolutionNode = FALSE
	EndGlobalSection
EndGlobal
